// !$*UTF8*$!
{
	archiveVersion = 1;
	classes = {
	};
	objectVersion = 50;
	objects = {

/* Begin PBXBuildFile section */
		1B8B3E94251367FC00F7AD9F /* ZCameraView.swift in Sources */ = {isa = PBXBuildFile; fileRef = 1B8B3E93251367FC00F7AD9F /* ZCameraView.swift */; };
		1B8B3E972513681A00F7AD9F /* ZOverlayView.swift in Sources */ = {isa = PBXBuildFile; fileRef = 1B8B3E962513681A00F7AD9F /* ZOverlayView.swift */; };
		1B8B3E9A2513682D00F7AD9F /* ZPreviewView.swift in Sources */ = {isa = PBXBuildFile; fileRef = 1B8B3E992513682C00F7AD9F /* ZPreviewView.swift */; };
		1B8B3E9D251369B200F7AD9F /* ZStatusView.swift in Sources */ = {isa = PBXBuildFile; fileRef = 1B8B3E9C251369B200F7AD9F /* ZStatusView.swift */; };
		1B8B3EA0251369DC00F7AD9F /* ZCameraModeView.swift in Sources */ = {isa = PBXBuildFile; fileRef = 1B8B3E9F251369DC00F7AD9F /* ZCameraModeView.swift */; };
		1B8B3EA325136A0400F7AD9F /* ZCaptureButton.swift in Sources */ = {isa = PBXBuildFile; fileRef = 1B8B3EA225136A0400F7AD9F /* ZCaptureButton.swift */; };
		1BF10AFC25148A7000282D55 /* record_start.caf in Resources */ = {isa = PBXBuildFile; fileRef = 1BF10AFA25148A7000282D55 /* record_start.caf */; };
		1BF10AFD25148A7000282D55 /* record_stop.caf in Resources */ = {isa = PBXBuildFile; fileRef = 1BF10AFB25148A7000282D55 /* record_stop.caf */; };
		1BFD9BFD2512107F00495C70 /* AppDelegate.swift in Sources */ = {isa = PBXBuildFile; fileRef = 1BFD9BFC2512107F00495C70 /* AppDelegate.swift */; };
		1BFD9C012512107F00495C70 /* ViewController.swift in Sources */ = {isa = PBXBuildFile; fileRef = 1BFD9C002512107F00495C70 /* ViewController.swift */; };
		1BFD9C042512107F00495C70 /* Main.storyboard in Resources */ = {isa = PBXBuildFile; fileRef = 1BFD9C022512107F00495C70 /* Main.storyboard */; };
		1BFD9C062512108100495C70 /* Assets.xcassets in Resources */ = {isa = PBXBuildFile; fileRef = 1BFD9C052512108100495C70 /* Assets.xcassets */; };
		1BFD9C092512108100495C70 /* LaunchScreen.storyboard in Resources */ = {isa = PBXBuildFile; fileRef = 1BFD9C072512108100495C70 /* LaunchScreen.storyboard */; };
		1BFD9C152512138000495C70 /* ZFlashControl.swift in Sources */ = {isa = PBXBuildFile; fileRef = 1BFD9C142512138000495C70 /* ZFlashControl.swift */; };
		7CC487212518F6B60015EDF4 /* ZCameraController.swift in Sources */ = {isa = PBXBuildFile; fileRef = 7CC487202518F6B60015EDF4 /* ZCameraController.swift */; };
/* End PBXBuildFile section */

/* Begin PBXFileReference section */
		1B8B3E93251367FC00F7AD9F /* ZCameraView.swift */ = {isa = PBXFileReference; lastKnownFileType = sourcecode.swift; path = ZCameraView.swift; sourceTree = "<group>"; };
		1B8B3E962513681A00F7AD9F /* ZOverlayView.swift */ = {isa = PBXFileReference; lastKnownFileType = sourcecode.swift; path = ZOverlayView.swift; sourceTree = "<group>"; };
		1B8B3E992513682C00F7AD9F /* ZPreviewView.swift */ = {isa = PBXFileReference; lastKnownFileType = sourcecode.swift; path = ZPreviewView.swift; sourceTree = "<group>"; };
		1B8B3E9C251369B200F7AD9F /* ZStatusView.swift */ = {isa = PBXFileReference; lastKnownFileType = sourcecode.swift; path = ZStatusView.swift; sourceTree = "<group>"; };
		1B8B3E9F251369DC00F7AD9F /* ZCameraModeView.swift */ = {isa = PBXFileReference; lastKnownFileType = sourcecode.swift; path = ZCameraModeView.swift; sourceTree = "<group>"; };
		1B8B3EA225136A0400F7AD9F /* ZCaptureButton.swift */ = {isa = PBXFileReference; lastKnownFileType = sourcecode.swift; path = ZCaptureButton.swift; sourceTree = "<group>"; };
		1BF10AFA25148A7000282D55 /* record_start.caf */ = {isa = PBXFileReference; lastKnownFileType = file; path = record_start.caf; sourceTree = "<group>"; };
		1BF10AFB25148A7000282D55 /* record_stop.caf */ = {isa = PBXFileReference; lastKnownFileType = file; path = record_stop.caf; sourceTree = "<group>"; };
		1BFD9BF92512107F00495C70 /* Kamera.app */ = {isa = PBXFileReference; explicitFileType = wrapper.application; includeInIndex = 0; path = Kamera.app; sourceTree = BUILT_PRODUCTS_DIR; };
		1BFD9BFC2512107F00495C70 /* AppDelegate.swift */ = {isa = PBXFileReference; lastKnownFileType = sourcecode.swift; path = AppDelegate.swift; sourceTree = "<group>"; };
		1BFD9C002512107F00495C70 /* ViewController.swift */ = {isa = PBXFileReference; lastKnownFileType = sourcecode.swift; path = ViewController.swift; sourceTree = "<group>"; };
		1BFD9C032512107F00495C70 /* Base */ = {isa = PBXFileReference; lastKnownFileType = file.storyboard; name = Base; path = Base.lproj/Main.storyboard; sourceTree = "<group>"; };
		1BFD9C052512108100495C70 /* Assets.xcassets */ = {isa = PBXFileReference; lastKnownFileType = folder.assetcatalog; path = Assets.xcassets; sourceTree = "<group>"; };
		1BFD9C082512108100495C70 /* Base */ = {isa = PBXFileReference; lastKnownFileType = file.storyboard; name = Base; path = Base.lproj/LaunchScreen.storyboard; sourceTree = "<group>"; };
		1BFD9C0A2512108100495C70 /* Info.plist */ = {isa = PBXFileReference; lastKnownFileType = text.plist.xml; path = Info.plist; sourceTree = "<group>"; };
		1BFD9C142512138000495C70 /* ZFlashControl.swift */ = {isa = PBXFileReference; lastKnownFileType = sourcecode.swift; path = ZFlashControl.swift; sourceTree = "<group>"; };
		7CC487202518F6B60015EDF4 /* ZCameraController.swift */ = {isa = PBXFileReference; lastKnownFileType = sourcecode.swift; path = ZCameraController.swift; sourceTree = "<group>"; };
/* End PBXFileReference section */

/* Begin PBXFrameworksBuildPhase section */
		1BFD9BF62512107F00495C70 /* Frameworks */ = {
			isa = PBXFrameworksBuildPhase;
			buildActionMask = 2147483647;
			files = (
			);
			runOnlyForDeploymentPostprocessing = 0;
		};
/* End PBXFrameworksBuildPhase section */

/* Begin PBXGroup section */
		1BFD9BF02512107F00495C70 = {
			isa = PBXGroup;
			children = (
				1BFD9BFB2512107F00495C70 /* Kamera */,
				1BFD9BFA2512107F00495C70 /* Products */,
			);
			sourceTree = "<group>";
		};
		1BFD9BFA2512107F00495C70 /* Products */ = {
			isa = PBXGroup;
			children = (
				1BFD9BF92512107F00495C70 /* Kamera.app */,
			);
			name = Products;
			sourceTree = "<group>";
		};
		1BFD9BFB2512107F00495C70 /* Kamera */ = {
			isa = PBXGroup;
			children = (
				1BFD9C132512132000495C70 /* Controllers */,
				1BFD9C122512130F00495C70 /* Views */,
				1BFD9C112512130100495C70 /* Models */,
				1BFD9BFC2512107F00495C70 /* AppDelegate.swift */,
				1BFD9C022512107F00495C70 /* Main.storyboard */,
				1BFD9C052512108100495C70 /* Assets.xcassets */,
				1BFD9C072512108100495C70 /* LaunchScreen.storyboard */,
				1BFD9C0A2512108100495C70 /* Info.plist */,
				1BF10AFA25148A7000282D55 /* record_start.caf */,
				1BF10AFB25148A7000282D55 /* record_stop.caf */,
			);
			path = Kamera;
			sourceTree = "<group>";
		};
		1BFD9C112512130100495C70 /* Models */ = {
			isa = PBXGroup;
			children = (
			);
			path = Models;
			sourceTree = "<group>";
		};
		1BFD9C122512130F00495C70 /* Views */ = {
			isa = PBXGroup;
			children = (
				1BFD9C142512138000495C70 /* ZFlashControl.swift */,
				1B8B3E93251367FC00F7AD9F /* ZCameraView.swift */,
				1B8B3E962513681A00F7AD9F /* ZOverlayView.swift */,
				1B8B3E992513682C00F7AD9F /* ZPreviewView.swift */,
				1B8B3E9C251369B200F7AD9F /* ZStatusView.swift */,
				1B8B3E9F251369DC00F7AD9F /* ZCameraModeView.swift */,
				1B8B3EA225136A0400F7AD9F /* ZCaptureButton.swift */,
			);
			path = Views;
			sourceTree = "<group>";
		};
		1BFD9C132512132000495C70 /* Controllers */ = {
			isa = PBXGroup;
			children = (
				1BFD9C002512107F00495C70 /* ViewController.swift */,
				7CC487202518F6B60015EDF4 /* ZCameraController.swift */,
			);
			path = Controllers;
			sourceTree = "<group>";
		};
/* End PBXGroup section */

/* Begin PBXNativeTarget section */
		1BFD9BF82512107F00495C70 /* Kamera */ = {
			isa = PBXNativeTarget;
			buildConfigurationList = 1BFD9C0D2512108100495C70 /* Build configuration list for PBXNativeTarget "Kamera" */;
			buildPhases = (
				1BFD9BF52512107F00495C70 /* Sources */,
				1BFD9BF62512107F00495C70 /* Frameworks */,
				1BFD9BF72512107F00495C70 /* Resources */,
			);
			buildRules = (
			);
			dependencies = (
			);
			name = Kamera;
			productName = Kamera;
			productReference = 1BFD9BF92512107F00495C70 /* Kamera.app */;
			productType = "com.apple.product-type.application";
		};
/* End PBXNativeTarget section */

/* Begin PBXProject section */
		1BFD9BF12512107F00495C70 /* Project object */ = {
			isa = PBXProject;
			attributes = {
				LastSwiftUpdateCheck = 1160;
				LastUpgradeCheck = 1160;
				ORGANIZATIONNAME = zsq;
				TargetAttributes = {
					1BFD9BF82512107F00495C70 = {
						CreatedOnToolsVersion = 11.6;
					};
				};
			};
			buildConfigurationList = 1BFD9BF42512107F00495C70 /* Build configuration list for PBXProject "Kamera" */;
			compatibilityVersion = "Xcode 9.3";
			developmentRegion = en;
			hasScannedForEncodings = 0;
			knownRegions = (
				en,
				Base,
			);
			mainGroup = 1BFD9BF02512107F00495C70;
			productRefGroup = 1BFD9BFA2512107F00495C70 /* Products */;
			projectDirPath = "";
			projectRoot = "";
			targets = (
				1BFD9BF82512107F00495C70 /* Kamera */,
			);
		};
/* End PBXProject section */

/* Begin PBXResourcesBuildPhase section */
		1BFD9BF72512107F00495C70 /* Resources */ = {
			isa = PBXResourcesBuildPhase;
			buildActionMask = 2147483647;
			files = (
				1BF10AFD25148A7000282D55 /* record_stop.caf in Resources */,
				1BF10AFC25148A7000282D55 /* record_start.caf in Resources */,
				1BFD9C092512108100495C70 /* LaunchScreen.storyboard in Resources */,
				1BFD9C062512108100495C70 /* Assets.xcassets in Resources */,
				1BFD9C042512107F00495C70 /* Main.storyboard in Resources */,
			);
			runOnlyForDeploymentPostprocessing = 0;
		};
/* End PBXResourcesBuildPhase section */

/* Begin PBXSourcesBuildPhase section */
		1BFD9BF52512107F00495C70 /* Sources */ = {
			isa = PBXSourcesBuildPhase;
			buildActionMask = 2147483647;
			files = (
				1B8B3EA0251369DC00F7AD9F /* ZCameraModeView.swift in Sources */,
				1B8B3E972513681A00F7AD9F /* ZOverlayView.swift in Sources */,
				1BFD9C012512107F00495C70 /* ViewController.swift in Sources */,
				1BFD9BFD2512107F00495C70 /* AppDelegate.swift in Sources */,
				1B8B3E9A2513682D00F7AD9F /* ZPreviewView.swift in Sources */,
				7CC487212518F6B60015EDF4 /* ZCameraController.swift in Sources */,
				1B8B3E9D251369B200F7AD9F /* ZStatusView.swift in Sources */,
				1B8B3EA325136A0400F7AD9F /* ZCaptureButton.swift in Sources */,
				1BFD9C152512138000495C70 /* ZFlashControl.swift in Sources */,
				1B8B3E94251367FC00F7AD9F /* ZCameraView.swift in Sources */,
			);
			runOnlyForDeploymentPostprocessing = 0;
		};
/* End PBXSourcesBuildPhase section */

/* Begin PBXVariantGroup section */
		1BFD9C022512107F00495C70 /* Main.storyboard */ = {
			isa = PBXVariantGroup;
			children = (
				1BFD9C032512107F00495C70 /* Base */,
			);
			name = Main.storyboard;
			sourceTree = "<group>";
		};
		1BFD9C072512108100495C70 /* LaunchScreen.storyboard */ = {
			isa = PBXVariantGroup;
			children = (
				1BFD9C082512108100495C70 /* Base */,
			);
			name = LaunchScreen.storyboard;
			sourceTree = "<group>";
		};
/* End PBXVariantGroup section */

/* Begin XCBuildConfiguration section */
		1BFD9C0B2512108100495C70 /* Debug */ = {
			isa = XCBuildConfiguration;
			buildSettings = {
				ALWAYS_SEARCH_USER_PATHS = NO;
				CLANG_ANALYZER_NONNULL = YES;
				CLANG_ANALYZER_NUMBER_OBJECT_CONVERSION = YES_AGGRESSIVE;
				CLANG_CXX_LANGUAGE_STANDARD = "gnu++14";
				CLANG_CXX_LIBRARY = "libc++";
				CLANG_ENABLE_MODULES = YES;
				CLANG_ENABLE_OBJC_ARC = YES;
				CLANG_ENABLE_OBJC_WEAK = YES;
				CLANG_WARN_BLOCK_CAPTURE_AUTORELEASING = YES;
				CLANG_WARN_BOOL_CONVERSION = YES;
				CLANG_WARN_COMMA = YES;
				CLANG_WARN_CONSTANT_CONVERSION = YES;
				CLANG_WARN_DEPRECATED_OBJC_IMPLEMENTATIONS = YES;
				CLANG_WARN_DIRECT_OBJC_ISA_USAGE = YES_ERROR;
				CLANG_WARN_DOCUMENTATION_COMMENTS = YES;
				CLANG_WARN_EMPTY_BODY = YES;
				CLANG_WARN_ENUM_CONVERSION = YES;
				CLANG_WARN_INFINITE_RECURSION = YES;
				CLANG_WARN_INT_CONVERSION = YES;
				CLANG_WARN_NON_LITERAL_NULL_CONVERSION = YES;
				CLANG_WARN_OBJC_IMPLICIT_RETAIN_SELF = YES;
				CLANG_WARN_OBJC_LITERAL_CONVERSION = YES;
				CLANG_WARN_OBJC_ROOT_CLASS = YES_ERROR;
				CLANG_WARN_RANGE_LOOP_ANALYSIS = YES;
				CLANG_WARN_STRICT_PROTOTYPES = YES;
				CLANG_WARN_SUSPICIOUS_MOVE = YES;
				CLANG_WARN_UNGUARDED_AVAILABILITY = YES_AGGRESSIVE;
				CLANG_WARN_UNREACHABLE_CODE = YES;
				CLANG_WARN__DUPLICATE_METHOD_MATCH = YES;
				COPY_PHASE_STRIP = NO;
				DEBUG_INFORMATION_FORMAT = dwarf;
				ENABLE_STRICT_OBJC_MSGSEND = YES;
				ENABLE_TESTABILITY = YES;
				GCC_C_LANGUAGE_STANDARD = gnu11;
				GCC_DYNAMIC_NO_PIC = NO;
				GCC_NO_COMMON_BLOCKS = YES;
				GCC_OPTIMIZATION_LEVEL = 0;
				GCC_PREPROCESSOR_DEFINITIONS = (
					"DEBUG=1",
					"$(inherited)",
				);
				GCC_WARN_64_TO_32_BIT_CONVERSION = YES;
				GCC_WARN_ABOUT_RETURN_TYPE = YES_ERROR;
				GCC_WARN_UNDECLARED_SELECTOR = YES;
				GCC_WARN_UNINITIALIZED_AUTOS = YES_AGGRESSIVE;
				GCC_WARN_UNUSED_FUNCTION = YES;
				GCC_WARN_UNUSED_VARIABLE = YES;
				IPHONEOS_DEPLOYMENT_TARGET = 9.0;
				MTL_ENABLE_DEBUG_INFO = INCLUDE_SOURCE;
				MTL_FAST_MATH = YES;
				ONLY_ACTIVE_ARCH = YES;
				SDKROOT = iphoneos;
				SWIFT_ACTIVE_COMPILATION_CONDITIONS = DEBUG;
				SWIFT_OPTIMIZATION_LEVEL = "-Onone";
			};
			name = Debug;
		};
		1BFD9C0C2512108100495C70 /* Release */ = {
			isa = XCBuildConfiguration;
			buildSettings = {
				ALWAYS_SEARCH_USER_PATHS = NO;
				CLANG_ANALYZER_NONNULL = YES;
				CLANG_ANALYZER_NUMBER_OBJECT_CONVERSION = YES_AGGRESSIVE;
				CLANG_CXX_LANGUAGE_STANDARD = "gnu++14";
				CLANG_CXX_LIBRARY = "libc++";
				CLANG_ENABLE_MODULES = YES;
				CLANG_ENABLE_OBJC_ARC = YES;
				CLANG_ENABLE_OBJC_WEAK = YES;
				CLANG_WARN_BLOCK_CAPTURE_AUTORELEASING = YES;
				CLANG_WARN_BOOL_CONVERSION = YES;
				CLANG_WARN_COMMA = YES;
				CLANG_WARN_CONSTANT_CONVERSION = YES;
				CLANG_WARN_DEPRECATED_OBJC_IMPLEMENTATIONS = YES;
				CLANG_WARN_DIRECT_OBJC_ISA_USAGE = YES_ERROR;
				CLANG_WARN_DOCUMENTATION_COMMENTS = YES;
				CLANG_WARN_EMPTY_BODY = YES;
				CLANG_WARN_ENUM_CONVERSION = YES;
				CLANG_WARN_INFINITE_RECURSION = YES;
				CLANG_WARN_INT_CONVERSION = YES;
				CLANG_WARN_NON_LITERAL_NULL_CONVERSION = YES;
				CLANG_WARN_OBJC_IMPLICIT_RETAIN_SELF = YES;
				CLANG_WARN_OBJC_LITERAL_CONVERSION = YES;
				CLANG_WARN_OBJC_ROOT_CLASS = YES_ERROR;
				CLANG_WARN_RANGE_LOOP_ANALYSIS = YES;
				CLANG_WARN_STRICT_PROTOTYPES = YES;
				CLANG_WARN_SUSPICIOUS_MOVE = YES;
				CLANG_WARN_UNGUARDED_AVAILABILITY = YES_AGGRESSIVE;
				CLANG_WARN_UNREACHABLE_CODE = YES;
				CLANG_WARN__DUPLICATE_METHOD_MATCH = YES;
				COPY_PHASE_STRIP = NO;
				DEBUG_INFORMATION_FORMAT = "dwarf-with-dsym";
				ENABLE_NS_ASSERTIONS = NO;
				ENABLE_STRICT_OBJC_MSGSEND = YES;
				GCC_C_LANGUAGE_STANDARD = gnu11;
				GCC_NO_COMMON_BLOCKS = YES;
				GCC_WARN_64_TO_32_BIT_CONVERSION = YES;
				GCC_WARN_ABOUT_RETURN_TYPE = YES_ERROR;
				GCC_WARN_UNDECLARED_SELECTOR = YES;
				GCC_WARN_UNINITIALIZED_AUTOS = YES_AGGRESSIVE;
				GCC_WARN_UNUSED_FUNCTION = YES;
				GCC_WARN_UNUSED_VARIABLE = YES;
				IPHONEOS_DEPLOYMENT_TARGET = 9.0;
				MTL_ENABLE_DEBUG_INFO = NO;
				MTL_FAST_MATH = YES;
				SDKROOT = iphoneos;
				SWIFT_COMPILATION_MODE = wholemodule;
				SWIFT_OPTIMIZATION_LEVEL = "-O";
				VALIDATE_PRODUCT = YES;
			};
			name = Release;
		};
		1BFD9C0E2512108100495C70 /* Debug */ = {
			isa = XCBuildConfiguration;
			buildSettings = {
				ASSETCATALOG_COMPILER_APPICON_NAME = AppIcon;
				CODE_SIGN_STYLE = Automatic;
				DEVELOPMENT_TEAM = 4PCT9JY79J;
				GCC_WARN_ABOUT_DEPRECATED_FUNCTIONS = NO;
				INFOPLIST_FILE = Kamera/Info.plist;
				IPHONEOS_DEPLOYMENT_TARGET = 9.0;
				LD_RUNPATH_SEARCH_PATHS = (
					"$(inherited)",
					"@executable_path/Frameworks",
				);
				OTHER_LDFLAGS = "";
				PRODUCT_BUNDLE_IDENTIFIER = com.zsq.Kamera;
				PRODUCT_NAME = "$(TARGET_NAME)";
				SWIFT_VERSION = 5.0;
				TARGETED_DEVICE_FAMILY = "1,2";
			};
			name = Debug;
		};
		1BFD9C0F2512108100495C70 /* Release */ = {
			isa = XCBuildConfiguration;
			buildSettings = {
				ASSETCATALOG_COMPILER_APPICON_NAME = AppIcon;
				CODE_SIGN_STYLE = Automatic;
				DEVELOPMENT_TEAM = 4PCT9JY79J;
				GCC_WARN_ABOUT_DEPRECATED_FUNCTIONS = NO;
				INFOPLIST_FILE = Kamera/Info.plist;
				IPHONEOS_DEPLOYMENT_TARGET = 9.0;
				LD_RUNPATH_SEARCH_PATHS = (
					"$(inherited)",
					"@executable_path/Frameworks",
				);
				OTHER_LDFLAGS = "";
				PRODUCT_BUNDLE_IDENTIFIER = com.zsq.Kamera;
				PRODUCT_NAME = "$(TARGET_NAME)";
				SWIFT_VERSION = 5.0;
				TARGETED_DEVICE_FAMILY = "1,2";
			};
			name = Release;
		};
/* End XCBuildConfiguration section */

/* Begin XCConfigurationList section */
		1BFD9BF42512107F00495C70 /* Build configuration list for PBXProject "Kamera" */ = {
			isa = XCConfigurationList;
			buildConfigurations = (
				1BFD9C0B2512108100495C70 /* Debug */,
				1BFD9C0C2512108100495C70 /* Release */,
			);
			defaultConfigurationIsVisible = 0;
			defaultConfigurationName = Release;
		};
		1BFD9C0D2512108100495C70 /* Build configuration list for PBXNativeTarget "Kamera" */ = {
			isa = XCConfigurationList;
			buildConfigurations = (
				1BFD9C0E2512108100495C70 /* Debug */,
				1BFD9C0F2512108100495C70 /* Release */,
			);
			defaultConfigurationIsVisible = 0;
			defaultConfigurationName = Release;
		};
/* End XCConfigurationList section */
	};
	rootObject = 1BFD9BF12512107F00495C70 /* Project object */;
}
